
Microsoft Visual Studio Solution File, Format Version 12.00
# Visual Studio 15
VisualStudioVersion = 15.0.26124.0
MinimumVisualStudioVersion = 15.0.26124.0
Project("{2150E333-8FDC-42A3-9474-1A3956D46DE8}") = "src", "src", "{C7B8CB0F-6271-42ED-B4B6-6A9FAE30D5F9}"
EndProject
Project("{FAE04EC0-301F-11D3-BF4B-00C04F79EFBC}") = "Piipan.Dashboard", "src\Piipan.Dashboard\Piipan.Dashboard.csproj", "{6475387E-FCAC-44E2-8206-5A7D5F29DBEC}"
EndProject
Project("{2150E333-8FDC-42A3-9474-1A3956D46DE8}") = "tests", "tests", "{C3009771-992A-4A67-818B-491AF426F504}"
EndProject
Project("{FAE04EC0-301F-11D3-BF4B-00C04F79EFBC}") = "Piipan.Dashboard.Tests", "tests\Piipan.Dashboard.Tests\Piipan.Dashboard.Tests.csproj", "{CCC71DD4-BBED-43FC-B026-FC77DD930144}"
EndProject
Global
	GlobalSection(SolutionConfigurationPlatforms) = preSolution
		Debug|Any CPU = Debug|Any CPU
		Debug|x64 = Debug|x64
		Debug|x86 = Debug|x86
		Release|Any CPU = Release|Any CPU
		Release|x64 = Release|x64
		Release|x86 = Release|x86
	EndGlobalSection
	GlobalSection(SolutionProperties) = preSolution
		HideSolutionNode = FALSE
	EndGlobalSection
	GlobalSection(ProjectConfigurationPlatforms) = postSolution
		{6475387E-FCAC-44E2-8206-5A7D5F29DBEC}.Debug|Any CPU.ActiveCfg = Debug|Any CPU
		{6475387E-FCAC-44E2-8206-5A7D5F29DBEC}.Debug|Any CPU.Build.0 = Debug|Any CPU
		{6475387E-FCAC-44E2-8206-5A7D5F29DBEC}.Debug|x64.ActiveCfg = Debug|Any CPU
		{6475387E-FCAC-44E2-8206-5A7D5F29DBEC}.Debug|x64.Build.0 = Debug|Any CPU
		{6475387E-FCAC-44E2-8206-5A7D5F29DBEC}.Debug|x86.ActiveCfg = Debug|Any CPU
		{6475387E-FCAC-44E2-8206-5A7D5F29DBEC}.Debug|x86.Build.0 = Debug|Any CPU
		{6475387E-FCAC-44E2-8206-5A7D5F29DBEC}.Release|Any CPU.ActiveCfg = Release|Any CPU
		{6475387E-FCAC-44E2-8206-5A7D5F29DBEC}.Release|Any CPU.Build.0 = Release|Any CPU
		{6475387E-FCAC-44E2-8206-5A7D5F29DBEC}.Release|x64.ActiveCfg = Release|Any CPU
		{6475387E-FCAC-44E2-8206-5A7D5F29DBEC}.Release|x64.Build.0 = Release|Any CPU
		{6475387E-FCAC-44E2-8206-5A7D5F29DBEC}.Release|x86.ActiveCfg = Release|Any CPU
		{6475387E-FCAC-44E2-8206-5A7D5F29DBEC}.Release|x86.Build.0 = Release|Any CPU
		{CCC71DD4-BBED-43FC-B026-FC77DD930144}.Debug|Any CPU.ActiveCfg = Debug|Any CPU
		{CCC71DD4-BBED-43FC-B026-FC77DD930144}.Debug|Any CPU.Build.0 = Debug|Any CPU
		{CCC71DD4-BBED-43FC-B026-FC77DD930144}.Debug|x64.ActiveCfg = Debug|Any CPU
		{CCC71DD4-BBED-43FC-B026-FC77DD930144}.Debug|x64.Build.0 = Debug|Any CPU
		{CCC71DD4-BBED-43FC-B026-FC77DD930144}.Debug|x86.ActiveCfg = Debug|Any CPU
		{CCC71DD4-BBED-43FC-B026-FC77DD930144}.Debug|x86.Build.0 = Debug|Any CPU
		{CCC71DD4-BBED-43FC-B026-FC77DD930144}.Release|Any CPU.ActiveCfg = Release|Any CPU
		{CCC71DD4-BBED-43FC-B026-FC77DD930144}.Release|Any CPU.Build.0 = Release|Any CPU
		{CCC71DD4-BBED-43FC-B026-FC77DD930144}.Release|x64.ActiveCfg = Release|Any CPU
		{CCC71DD4-BBED-43FC-B026-FC77DD930144}.Release|x64.Build.0 = Release|Any CPU
		{CCC71DD4-BBED-43FC-B026-FC77DD930144}.Release|x86.ActiveCfg = Release|Any CPU
		{CCC71DD4-BBED-43FC-B026-FC77DD930144}.Release|x86.Build.0 = Release|Any CPU
	EndGlobalSection
	GlobalSection(NestedProjects) = preSolution
		{6475387E-FCAC-44E2-8206-5A7D5F29DBEC} = {C7B8CB0F-6271-42ED-B4B6-6A9FAE30D5F9}
		{CCC71DD4-BBED-43FC-B026-FC77DD930144} = {C3009771-992A-4A67-818B-491AF426F504}
	EndGlobalSection
EndGlobal
