
Microsoft Visual Studio Solution File, Format Version 12.00
# Visual Studio 15
VisualStudioVersion = 15.0.26124.0
MinimumVisualStudioVersion = 15.0.26124.0
Project("{2150E333-8FDC-42A3-9474-1A3956D46DE8}") = "src", "src", "{CE0D7711-0AC2-48A0-BAD3-D826C058A84F}"
EndProject
Project("{2150E333-8FDC-42A3-9474-1A3956D46DE8}") = "tests", "tests", "{B28ACB9E-5540-4C32-AD0C-073B5579441E}"
EndProject
Project("{FAE04EC0-301F-11D3-BF4B-00C04F79EFBC}") = "Piipan.Match.Core.Tests", "tests\Piipan.Match.Core.Tests\Piipan.Match.Core.Tests.csproj", "{02B365F2-8313-49EC-97D3-B9F45774999A}"
EndProject
Project("{FAE04EC0-301F-11D3-BF4B-00C04F79EFBC}") = "Piipan.Match.Func.Api.Tests", "tests\Piipan.Match.Func.Api.Tests\Piipan.Match.Func.Api.Tests.csproj", "{8B1963EF-6691-4449-AF41-CDE5A9ACC681}"
EndProject
Project("{2150E333-8FDC-42A3-9474-1A3956D46DE8}") = "Piipan.Match", "Piipan.Match", "{4B00FF87-6A2D-4E31-8C7A-95148662D576}"
EndProject
Project("{FAE04EC0-301F-11D3-BF4B-00C04F79EFBC}") = "Piipan.Match.Core", "src\Piipan.Match\Piipan.Match.Core\Piipan.Match.Core.csproj", "{18DF66DA-C4F8-4321-B9EF-0A180CD35DA5}"
EndProject
Project("{FAE04EC0-301F-11D3-BF4B-00C04F79EFBC}") = "Piipan.Match.Func.Api", "src\Piipan.Match\Piipan.Match.Func.Api\Piipan.Match.Func.Api.csproj", "{EE0D1043-2025-4DEE-A82A-C5C06F4958E9}"
EndProject
Project("{FAE04EC0-301F-11D3-BF4B-00C04F79EFBC}") = "Piipan.Match.Api", "src\Piipan.Match\Piipan.Match.Api\Piipan.Match.Api.csproj", "{09372EC3-C7E6-4B0E-AB7E-DC445065566A}"
EndProject
Project("{FAE04EC0-301F-11D3-BF4B-00C04F79EFBC}") = "Piipan.Match.Client", "src\Piipan.Match\Piipan.Match.Client\Piipan.Match.Client.csproj", "{2467BDD6-87F1-4BC4-A8D7-D27280754151}"
EndProject
Project("{FAE04EC0-301F-11D3-BF4B-00C04F79EFBC}") = "Piipan.Match.Client.Tests", "tests\Piipan.Match.Client.Tests\Piipan.Match.Client.Tests.csproj", "{816FF368-1E19-4961-AEB1-511497A3E50C}"
EndProject
Project("{FAE04EC0-301F-11D3-BF4B-00C04F79EFBC}") = "Piipan.Match.Api.Tests", "tests\Piipan.Match.Api.Tests\Piipan.Match.Api.Tests.csproj", "{0B89E04B-6D4B-4FB7-B55C-E028579F8E8F}"
EndProject
Project("{FAE04EC0-301F-11D3-BF4B-00C04F79EFBC}") = "Piipan.Match.Func.ResolutionApi", "src\Piipan.Match\Piipan.Match.Func.ResolutionApi\Piipan.Match.Func.ResolutionApi.csproj", "{A13C89AD-FC38-45D9-B9AC-2F1E13161426}"
EndProject
Project("{FAE04EC0-301F-11D3-BF4B-00C04F79EFBC}") = "Piipan.Match.Func.ResolutionApi.Tests", "tests\Piipan.Match.Func.ResolutionApi.Tests\Piipan.Match.Func.ResolutionApi.Tests.csproj", "{9AEDBAA5-2762-49A7-A22C-FA5D7CB06B52}"
EndProject
Global
	GlobalSection(SolutionConfigurationPlatforms) = preSolution
		Debug|Any CPU = Debug|Any CPU
		Debug|x64 = Debug|x64
		Debug|x86 = Debug|x86
		Release|Any CPU = Release|Any CPU
		Release|x64 = Release|x64
		Release|x86 = Release|x86
	EndGlobalSection
	GlobalSection(SolutionProperties) = preSolution
		HideSolutionNode = FALSE
	EndGlobalSection
	GlobalSection(ProjectConfigurationPlatforms) = postSolution
		{02B365F2-8313-49EC-97D3-B9F45774999A}.Debug|Any CPU.ActiveCfg = Debug|Any CPU
		{02B365F2-8313-49EC-97D3-B9F45774999A}.Debug|Any CPU.Build.0 = Debug|Any CPU
		{02B365F2-8313-49EC-97D3-B9F45774999A}.Debug|x64.ActiveCfg = Debug|Any CPU
		{02B365F2-8313-49EC-97D3-B9F45774999A}.Debug|x64.Build.0 = Debug|Any CPU
		{02B365F2-8313-49EC-97D3-B9F45774999A}.Debug|x86.ActiveCfg = Debug|Any CPU
		{02B365F2-8313-49EC-97D3-B9F45774999A}.Debug|x86.Build.0 = Debug|Any CPU
		{02B365F2-8313-49EC-97D3-B9F45774999A}.Release|Any CPU.ActiveCfg = Release|Any CPU
		{02B365F2-8313-49EC-97D3-B9F45774999A}.Release|Any CPU.Build.0 = Release|Any CPU
		{02B365F2-8313-49EC-97D3-B9F45774999A}.Release|x64.ActiveCfg = Release|Any CPU
		{02B365F2-8313-49EC-97D3-B9F45774999A}.Release|x64.Build.0 = Release|Any CPU
		{02B365F2-8313-49EC-97D3-B9F45774999A}.Release|x86.ActiveCfg = Release|Any CPU
		{02B365F2-8313-49EC-97D3-B9F45774999A}.Release|x86.Build.0 = Release|Any CPU
		{8B1963EF-6691-4449-AF41-CDE5A9ACC681}.Debug|Any CPU.ActiveCfg = Debug|Any CPU
		{8B1963EF-6691-4449-AF41-CDE5A9ACC681}.Debug|Any CPU.Build.0 = Debug|Any CPU
		{8B1963EF-6691-4449-AF41-CDE5A9ACC681}.Debug|x64.ActiveCfg = Debug|Any CPU
		{8B1963EF-6691-4449-AF41-CDE5A9ACC681}.Debug|x64.Build.0 = Debug|Any CPU
		{8B1963EF-6691-4449-AF41-CDE5A9ACC681}.Debug|x86.ActiveCfg = Debug|Any CPU
		{8B1963EF-6691-4449-AF41-CDE5A9ACC681}.Debug|x86.Build.0 = Debug|Any CPU
		{8B1963EF-6691-4449-AF41-CDE5A9ACC681}.Release|Any CPU.ActiveCfg = Release|Any CPU
		{8B1963EF-6691-4449-AF41-CDE5A9ACC681}.Release|Any CPU.Build.0 = Release|Any CPU
		{8B1963EF-6691-4449-AF41-CDE5A9ACC681}.Release|x64.ActiveCfg = Release|Any CPU
		{8B1963EF-6691-4449-AF41-CDE5A9ACC681}.Release|x64.Build.0 = Release|Any CPU
		{8B1963EF-6691-4449-AF41-CDE5A9ACC681}.Release|x86.ActiveCfg = Release|Any CPU
		{8B1963EF-6691-4449-AF41-CDE5A9ACC681}.Release|x86.Build.0 = Release|Any CPU
		{18DF66DA-C4F8-4321-B9EF-0A180CD35DA5}.Debug|Any CPU.ActiveCfg = Debug|Any CPU
		{18DF66DA-C4F8-4321-B9EF-0A180CD35DA5}.Debug|Any CPU.Build.0 = Debug|Any CPU
		{18DF66DA-C4F8-4321-B9EF-0A180CD35DA5}.Debug|x64.ActiveCfg = Debug|Any CPU
		{18DF66DA-C4F8-4321-B9EF-0A180CD35DA5}.Debug|x64.Build.0 = Debug|Any CPU
		{18DF66DA-C4F8-4321-B9EF-0A180CD35DA5}.Debug|x86.ActiveCfg = Debug|Any CPU
		{18DF66DA-C4F8-4321-B9EF-0A180CD35DA5}.Debug|x86.Build.0 = Debug|Any CPU
		{18DF66DA-C4F8-4321-B9EF-0A180CD35DA5}.Release|Any CPU.ActiveCfg = Release|Any CPU
		{18DF66DA-C4F8-4321-B9EF-0A180CD35DA5}.Release|Any CPU.Build.0 = Release|Any CPU
		{18DF66DA-C4F8-4321-B9EF-0A180CD35DA5}.Release|x64.ActiveCfg = Release|Any CPU
		{18DF66DA-C4F8-4321-B9EF-0A180CD35DA5}.Release|x64.Build.0 = Release|Any CPU
		{18DF66DA-C4F8-4321-B9EF-0A180CD35DA5}.Release|x86.ActiveCfg = Release|Any CPU
		{18DF66DA-C4F8-4321-B9EF-0A180CD35DA5}.Release|x86.Build.0 = Release|Any CPU
		{EE0D1043-2025-4DEE-A82A-C5C06F4958E9}.Debug|Any CPU.ActiveCfg = Debug|Any CPU
		{EE0D1043-2025-4DEE-A82A-C5C06F4958E9}.Debug|Any CPU.Build.0 = Debug|Any CPU
		{EE0D1043-2025-4DEE-A82A-C5C06F4958E9}.Debug|x64.ActiveCfg = Debug|Any CPU
		{EE0D1043-2025-4DEE-A82A-C5C06F4958E9}.Debug|x64.Build.0 = Debug|Any CPU
		{EE0D1043-2025-4DEE-A82A-C5C06F4958E9}.Debug|x86.ActiveCfg = Debug|Any CPU
		{EE0D1043-2025-4DEE-A82A-C5C06F4958E9}.Debug|x86.Build.0 = Debug|Any CPU
		{EE0D1043-2025-4DEE-A82A-C5C06F4958E9}.Release|Any CPU.ActiveCfg = Release|Any CPU
		{EE0D1043-2025-4DEE-A82A-C5C06F4958E9}.Release|Any CPU.Build.0 = Release|Any CPU
		{EE0D1043-2025-4DEE-A82A-C5C06F4958E9}.Release|x64.ActiveCfg = Release|Any CPU
		{EE0D1043-2025-4DEE-A82A-C5C06F4958E9}.Release|x64.Build.0 = Release|Any CPU
		{EE0D1043-2025-4DEE-A82A-C5C06F4958E9}.Release|x86.ActiveCfg = Release|Any CPU
		{EE0D1043-2025-4DEE-A82A-C5C06F4958E9}.Release|x86.Build.0 = Release|Any CPU
		{09372EC3-C7E6-4B0E-AB7E-DC445065566A}.Debug|Any CPU.ActiveCfg = Debug|Any CPU
		{09372EC3-C7E6-4B0E-AB7E-DC445065566A}.Debug|Any CPU.Build.0 = Debug|Any CPU
		{09372EC3-C7E6-4B0E-AB7E-DC445065566A}.Debug|x64.ActiveCfg = Debug|Any CPU
		{09372EC3-C7E6-4B0E-AB7E-DC445065566A}.Debug|x64.Build.0 = Debug|Any CPU
		{09372EC3-C7E6-4B0E-AB7E-DC445065566A}.Debug|x86.ActiveCfg = Debug|Any CPU
		{09372EC3-C7E6-4B0E-AB7E-DC445065566A}.Debug|x86.Build.0 = Debug|Any CPU
		{09372EC3-C7E6-4B0E-AB7E-DC445065566A}.Release|Any CPU.ActiveCfg = Release|Any CPU
		{09372EC3-C7E6-4B0E-AB7E-DC445065566A}.Release|Any CPU.Build.0 = Release|Any CPU
		{09372EC3-C7E6-4B0E-AB7E-DC445065566A}.Release|x64.ActiveCfg = Release|Any CPU
		{09372EC3-C7E6-4B0E-AB7E-DC445065566A}.Release|x64.Build.0 = Release|Any CPU
		{09372EC3-C7E6-4B0E-AB7E-DC445065566A}.Release|x86.ActiveCfg = Release|Any CPU
		{09372EC3-C7E6-4B0E-AB7E-DC445065566A}.Release|x86.Build.0 = Release|Any CPU
		{2467BDD6-87F1-4BC4-A8D7-D27280754151}.Debug|Any CPU.ActiveCfg = Debug|Any CPU
		{2467BDD6-87F1-4BC4-A8D7-D27280754151}.Debug|Any CPU.Build.0 = Debug|Any CPU
		{2467BDD6-87F1-4BC4-A8D7-D27280754151}.Debug|x64.ActiveCfg = Debug|Any CPU
		{2467BDD6-87F1-4BC4-A8D7-D27280754151}.Debug|x64.Build.0 = Debug|Any CPU
		{2467BDD6-87F1-4BC4-A8D7-D27280754151}.Debug|x86.ActiveCfg = Debug|Any CPU
		{2467BDD6-87F1-4BC4-A8D7-D27280754151}.Debug|x86.Build.0 = Debug|Any CPU
		{2467BDD6-87F1-4BC4-A8D7-D27280754151}.Release|Any CPU.ActiveCfg = Release|Any CPU
		{2467BDD6-87F1-4BC4-A8D7-D27280754151}.Release|Any CPU.Build.0 = Release|Any CPU
		{2467BDD6-87F1-4BC4-A8D7-D27280754151}.Release|x64.ActiveCfg = Release|Any CPU
		{2467BDD6-87F1-4BC4-A8D7-D27280754151}.Release|x64.Build.0 = Release|Any CPU
		{2467BDD6-87F1-4BC4-A8D7-D27280754151}.Release|x86.ActiveCfg = Release|Any CPU
		{2467BDD6-87F1-4BC4-A8D7-D27280754151}.Release|x86.Build.0 = Release|Any CPU
		{816FF368-1E19-4961-AEB1-511497A3E50C}.Debug|Any CPU.ActiveCfg = Debug|Any CPU
		{816FF368-1E19-4961-AEB1-511497A3E50C}.Debug|Any CPU.Build.0 = Debug|Any CPU
		{816FF368-1E19-4961-AEB1-511497A3E50C}.Debug|x64.ActiveCfg = Debug|Any CPU
		{816FF368-1E19-4961-AEB1-511497A3E50C}.Debug|x64.Build.0 = Debug|Any CPU
		{816FF368-1E19-4961-AEB1-511497A3E50C}.Debug|x86.ActiveCfg = Debug|Any CPU
		{816FF368-1E19-4961-AEB1-511497A3E50C}.Debug|x86.Build.0 = Debug|Any CPU
		{816FF368-1E19-4961-AEB1-511497A3E50C}.Release|Any CPU.ActiveCfg = Release|Any CPU
		{816FF368-1E19-4961-AEB1-511497A3E50C}.Release|Any CPU.Build.0 = Release|Any CPU
		{816FF368-1E19-4961-AEB1-511497A3E50C}.Release|x64.ActiveCfg = Release|Any CPU
		{816FF368-1E19-4961-AEB1-511497A3E50C}.Release|x64.Build.0 = Release|Any CPU
		{816FF368-1E19-4961-AEB1-511497A3E50C}.Release|x86.ActiveCfg = Release|Any CPU
		{816FF368-1E19-4961-AEB1-511497A3E50C}.Release|x86.Build.0 = Release|Any CPU
		{0B89E04B-6D4B-4FB7-B55C-E028579F8E8F}.Debug|Any CPU.ActiveCfg = Debug|Any CPU
		{0B89E04B-6D4B-4FB7-B55C-E028579F8E8F}.Debug|Any CPU.Build.0 = Debug|Any CPU
		{0B89E04B-6D4B-4FB7-B55C-E028579F8E8F}.Debug|x64.ActiveCfg = Debug|Any CPU
		{0B89E04B-6D4B-4FB7-B55C-E028579F8E8F}.Debug|x64.Build.0 = Debug|Any CPU
		{0B89E04B-6D4B-4FB7-B55C-E028579F8E8F}.Debug|x86.ActiveCfg = Debug|Any CPU
		{0B89E04B-6D4B-4FB7-B55C-E028579F8E8F}.Debug|x86.Build.0 = Debug|Any CPU
		{0B89E04B-6D4B-4FB7-B55C-E028579F8E8F}.Release|Any CPU.ActiveCfg = Release|Any CPU
		{0B89E04B-6D4B-4FB7-B55C-E028579F8E8F}.Release|Any CPU.Build.0 = Release|Any CPU
		{0B89E04B-6D4B-4FB7-B55C-E028579F8E8F}.Release|x64.ActiveCfg = Release|Any CPU
		{0B89E04B-6D4B-4FB7-B55C-E028579F8E8F}.Release|x64.Build.0 = Release|Any CPU
		{0B89E04B-6D4B-4FB7-B55C-E028579F8E8F}.Release|x86.ActiveCfg = Release|Any CPU
		{0B89E04B-6D4B-4FB7-B55C-E028579F8E8F}.Release|x86.Build.0 = Release|Any CPU
		{A13C89AD-FC38-45D9-B9AC-2F1E13161426}.Debug|Any CPU.ActiveCfg = Debug|Any CPU
		{A13C89AD-FC38-45D9-B9AC-2F1E13161426}.Debug|Any CPU.Build.0 = Debug|Any CPU
		{A13C89AD-FC38-45D9-B9AC-2F1E13161426}.Debug|x64.ActiveCfg = Debug|Any CPU
		{A13C89AD-FC38-45D9-B9AC-2F1E13161426}.Debug|x64.Build.0 = Debug|Any CPU
		{A13C89AD-FC38-45D9-B9AC-2F1E13161426}.Debug|x86.ActiveCfg = Debug|Any CPU
		{A13C89AD-FC38-45D9-B9AC-2F1E13161426}.Debug|x86.Build.0 = Debug|Any CPU
		{A13C89AD-FC38-45D9-B9AC-2F1E13161426}.Release|Any CPU.ActiveCfg = Release|Any CPU
		{A13C89AD-FC38-45D9-B9AC-2F1E13161426}.Release|Any CPU.Build.0 = Release|Any CPU
		{A13C89AD-FC38-45D9-B9AC-2F1E13161426}.Release|x64.ActiveCfg = Release|Any CPU
		{A13C89AD-FC38-45D9-B9AC-2F1E13161426}.Release|x64.Build.0 = Release|Any CPU
		{A13C89AD-FC38-45D9-B9AC-2F1E13161426}.Release|x86.ActiveCfg = Release|Any CPU
		{A13C89AD-FC38-45D9-B9AC-2F1E13161426}.Release|x86.Build.0 = Release|Any CPU
		{9AEDBAA5-2762-49A7-A22C-FA5D7CB06B52}.Debug|Any CPU.ActiveCfg = Debug|Any CPU
		{9AEDBAA5-2762-49A7-A22C-FA5D7CB06B52}.Debug|Any CPU.Build.0 = Debug|Any CPU
		{9AEDBAA5-2762-49A7-A22C-FA5D7CB06B52}.Debug|x64.ActiveCfg = Debug|Any CPU
		{9AEDBAA5-2762-49A7-A22C-FA5D7CB06B52}.Debug|x64.Build.0 = Debug|Any CPU
		{9AEDBAA5-2762-49A7-A22C-FA5D7CB06B52}.Debug|x86.ActiveCfg = Debug|Any CPU
		{9AEDBAA5-2762-49A7-A22C-FA5D7CB06B52}.Debug|x86.Build.0 = Debug|Any CPU
		{9AEDBAA5-2762-49A7-A22C-FA5D7CB06B52}.Release|Any CPU.ActiveCfg = Release|Any CPU
		{9AEDBAA5-2762-49A7-A22C-FA5D7CB06B52}.Release|Any CPU.Build.0 = Release|Any CPU
		{9AEDBAA5-2762-49A7-A22C-FA5D7CB06B52}.Release|x64.ActiveCfg = Release|Any CPU
		{9AEDBAA5-2762-49A7-A22C-FA5D7CB06B52}.Release|x64.Build.0 = Release|Any CPU
		{9AEDBAA5-2762-49A7-A22C-FA5D7CB06B52}.Release|x86.ActiveCfg = Release|Any CPU
		{9AEDBAA5-2762-49A7-A22C-FA5D7CB06B52}.Release|x86.Build.0 = Release|Any CPU
	EndGlobalSection
	GlobalSection(NestedProjects) = preSolution
		{02B365F2-8313-49EC-97D3-B9F45774999A} = {B28ACB9E-5540-4C32-AD0C-073B5579441E}
		{8B1963EF-6691-4449-AF41-CDE5A9ACC681} = {B28ACB9E-5540-4C32-AD0C-073B5579441E}
		{4B00FF87-6A2D-4E31-8C7A-95148662D576} = {CE0D7711-0AC2-48A0-BAD3-D826C058A84F}
		{18DF66DA-C4F8-4321-B9EF-0A180CD35DA5} = {4B00FF87-6A2D-4E31-8C7A-95148662D576}
		{EE0D1043-2025-4DEE-A82A-C5C06F4958E9} = {4B00FF87-6A2D-4E31-8C7A-95148662D576}
		{09372EC3-C7E6-4B0E-AB7E-DC445065566A} = {4B00FF87-6A2D-4E31-8C7A-95148662D576}
		{2467BDD6-87F1-4BC4-A8D7-D27280754151} = {4B00FF87-6A2D-4E31-8C7A-95148662D576}
		{816FF368-1E19-4961-AEB1-511497A3E50C} = {B28ACB9E-5540-4C32-AD0C-073B5579441E}
		{0B89E04B-6D4B-4FB7-B55C-E028579F8E8F} = {B28ACB9E-5540-4C32-AD0C-073B5579441E}
		{A13C89AD-FC38-45D9-B9AC-2F1E13161426} = {4B00FF87-6A2D-4E31-8C7A-95148662D576}
		{9AEDBAA5-2762-49A7-A22C-FA5D7CB06B52} = {B28ACB9E-5540-4C32-AD0C-073B5579441E}
	EndGlobalSection
EndGlobal
