
Microsoft Visual Studio Solution File, Format Version 12.00
# Visual Studio Version 17
VisualStudioVersion = 17.1.32328.378
MinimumVisualStudioVersion = 15.0.26124.0
Project("{2150E333-8FDC-42A3-9474-1A3956D46DE8}") = "tests", "tests", "{93135BDE-0152-4513-A6CD-00256F12F847}"
EndProject
Project("{9A19103F-16F7-4668-BE54-9A1E7A4F7556}") = "Piipan.Shared.Tests", "tests\Piipan.Shared.Tests\Piipan.Shared.Tests.csproj", "{69F7763A-9006-4165-947A-A35FC5B18C20}"
EndProject
Project("{2150E333-8FDC-42A3-9474-1A3956D46DE8}") = "src", "src", "{8195D85F-83AE-4F7F-B826-F49E316B8C58}"
EndProject
Project("{9A19103F-16F7-4668-BE54-9A1E7A4F7556}") = "Piipan.Shared", "src\Piipan.Shared\Piipan.Shared.csproj", "{2FD5540A-039E-4FCA-AE07-413A6079D0D3}"
EndProject
Project("{9A19103F-16F7-4668-BE54-9A1E7A4F7556}") = "Piipan.Shared.TestFixtures", "src\Piipan.Shared.TestFixtures\Piipan.Shared.TestFixtures.csproj", "{0D459C50-823B-44AA-B1A8-38D99FCB76C9}"
EndProject
Project("{9A19103F-16F7-4668-BE54-9A1E7A4F7556}") = "Piipan.Shared.Cryptography", "src\Piipan.Shared.Cryptography\Piipan.Shared.Cryptography.csproj", "{10205034-57CB-4E43-A37C-140E0315F237}"
EndProject
Project("{9A19103F-16F7-4668-BE54-9A1E7A4F7556}") = "Piipan.Shared.Cryptography.Tests", "tests\Piipan.Shared.Cryptography.Tests\Piipan.Shared.Cryptography.Tests.csproj", "{5A7E888F-29CE-4EA7-B2E7-45A7AF84EB5E}"
EndProject
Project("{9A19103F-16F7-4668-BE54-9A1E7A4F7556}") = "Piipan.Shared.API.Tests", "tests\Piipan.Shared.API.Tests\Piipan.Shared.API.Tests.csproj", "{6B004F01-C846-4E7D-9052-79C95A6F06A0}"
EndProject
Project("{9A19103F-16F7-4668-BE54-9A1E7A4F7556}") = "Piipan.Shared.API", "src\Piipan.Shared.API\Piipan.Shared.API.csproj", "{886CABF1-05E9-46F5-B3AC-26A3C1FF29BC}"
EndProject
Project("{9A19103F-16F7-4668-BE54-9A1E7A4F7556}") = "Piipan.Shared.Client.Tests", "tests\Piipan.Shared.Client.Tests\Piipan.Shared.Client.Tests.csproj", "{C4452EC2-7C21-4EF8-855B-20B5D9258CCF}"
EndProject
Project("{9A19103F-16F7-4668-BE54-9A1E7A4F7556}") = "Piipan.Shared.Client", "src\Piipan.Shared.Client\Piipan.Shared.Client\Piipan.Shared.Client.csproj", "{0762CE3A-2E16-4B50-9FEB-3AD0F6CE0121}"
EndProject
Global
	GlobalSection(SolutionConfigurationPlatforms) = preSolution
		Debug|Any CPU = Debug|Any CPU
		Debug|x64 = Debug|x64
		Debug|x86 = Debug|x86
		Release|Any CPU = Release|Any CPU
		Release|x64 = Release|x64
		Release|x86 = Release|x86
	EndGlobalSection
	GlobalSection(ProjectConfigurationPlatforms) = postSolution
		{69F7763A-9006-4165-947A-A35FC5B18C20}.Debug|Any CPU.ActiveCfg = Debug|Any CPU
		{69F7763A-9006-4165-947A-A35FC5B18C20}.Debug|Any CPU.Build.0 = Debug|Any CPU
		{69F7763A-9006-4165-947A-A35FC5B18C20}.Debug|x64.ActiveCfg = Debug|Any CPU
		{69F7763A-9006-4165-947A-A35FC5B18C20}.Debug|x64.Build.0 = Debug|Any CPU
		{69F7763A-9006-4165-947A-A35FC5B18C20}.Debug|x86.ActiveCfg = Debug|Any CPU
		{69F7763A-9006-4165-947A-A35FC5B18C20}.Debug|x86.Build.0 = Debug|Any CPU
		{69F7763A-9006-4165-947A-A35FC5B18C20}.Release|Any CPU.ActiveCfg = Release|Any CPU
		{69F7763A-9006-4165-947A-A35FC5B18C20}.Release|Any CPU.Build.0 = Release|Any CPU
		{69F7763A-9006-4165-947A-A35FC5B18C20}.Release|x64.ActiveCfg = Release|Any CPU
		{69F7763A-9006-4165-947A-A35FC5B18C20}.Release|x64.Build.0 = Release|Any CPU
		{69F7763A-9006-4165-947A-A35FC5B18C20}.Release|x86.ActiveCfg = Release|Any CPU
		{69F7763A-9006-4165-947A-A35FC5B18C20}.Release|x86.Build.0 = Release|Any CPU
		{2FD5540A-039E-4FCA-AE07-413A6079D0D3}.Debug|Any CPU.ActiveCfg = Debug|Any CPU
		{2FD5540A-039E-4FCA-AE07-413A6079D0D3}.Debug|Any CPU.Build.0 = Debug|Any CPU
		{2FD5540A-039E-4FCA-AE07-413A6079D0D3}.Debug|x64.ActiveCfg = Debug|Any CPU
		{2FD5540A-039E-4FCA-AE07-413A6079D0D3}.Debug|x64.Build.0 = Debug|Any CPU
		{2FD5540A-039E-4FCA-AE07-413A6079D0D3}.Debug|x86.ActiveCfg = Debug|Any CPU
		{2FD5540A-039E-4FCA-AE07-413A6079D0D3}.Debug|x86.Build.0 = Debug|Any CPU
		{2FD5540A-039E-4FCA-AE07-413A6079D0D3}.Release|Any CPU.ActiveCfg = Release|Any CPU
		{2FD5540A-039E-4FCA-AE07-413A6079D0D3}.Release|Any CPU.Build.0 = Release|Any CPU
		{2FD5540A-039E-4FCA-AE07-413A6079D0D3}.Release|x64.ActiveCfg = Release|Any CPU
		{2FD5540A-039E-4FCA-AE07-413A6079D0D3}.Release|x64.Build.0 = Release|Any CPU
		{2FD5540A-039E-4FCA-AE07-413A6079D0D3}.Release|x86.ActiveCfg = Release|Any CPU
		{2FD5540A-039E-4FCA-AE07-413A6079D0D3}.Release|x86.Build.0 = Release|Any CPU
		{0D459C50-823B-44AA-B1A8-38D99FCB76C9}.Debug|Any CPU.ActiveCfg = Debug|Any CPU
		{0D459C50-823B-44AA-B1A8-38D99FCB76C9}.Debug|Any CPU.Build.0 = Debug|Any CPU
		{0D459C50-823B-44AA-B1A8-38D99FCB76C9}.Debug|x64.ActiveCfg = Debug|Any CPU
		{0D459C50-823B-44AA-B1A8-38D99FCB76C9}.Debug|x64.Build.0 = Debug|Any CPU
		{0D459C50-823B-44AA-B1A8-38D99FCB76C9}.Debug|x86.ActiveCfg = Debug|Any CPU
		{0D459C50-823B-44AA-B1A8-38D99FCB76C9}.Debug|x86.Build.0 = Debug|Any CPU
		{0D459C50-823B-44AA-B1A8-38D99FCB76C9}.Release|Any CPU.ActiveCfg = Release|Any CPU
		{0D459C50-823B-44AA-B1A8-38D99FCB76C9}.Release|Any CPU.Build.0 = Release|Any CPU
		{0D459C50-823B-44AA-B1A8-38D99FCB76C9}.Release|x64.ActiveCfg = Release|Any CPU
		{0D459C50-823B-44AA-B1A8-38D99FCB76C9}.Release|x64.Build.0 = Release|Any CPU
		{0D459C50-823B-44AA-B1A8-38D99FCB76C9}.Release|x86.ActiveCfg = Release|Any CPU
		{0D459C50-823B-44AA-B1A8-38D99FCB76C9}.Release|x86.Build.0 = Release|Any CPU
		{10205034-57CB-4E43-A37C-140E0315F237}.Debug|Any CPU.ActiveCfg = Debug|Any CPU
		{10205034-57CB-4E43-A37C-140E0315F237}.Debug|Any CPU.Build.0 = Debug|Any CPU
		{10205034-57CB-4E43-A37C-140E0315F237}.Debug|x64.ActiveCfg = Debug|Any CPU
		{10205034-57CB-4E43-A37C-140E0315F237}.Debug|x64.Build.0 = Debug|Any CPU
		{10205034-57CB-4E43-A37C-140E0315F237}.Debug|x86.ActiveCfg = Debug|Any CPU
		{10205034-57CB-4E43-A37C-140E0315F237}.Debug|x86.Build.0 = Debug|Any CPU
		{10205034-57CB-4E43-A37C-140E0315F237}.Release|Any CPU.ActiveCfg = Release|Any CPU
		{10205034-57CB-4E43-A37C-140E0315F237}.Release|Any CPU.Build.0 = Release|Any CPU
		{10205034-57CB-4E43-A37C-140E0315F237}.Release|x64.ActiveCfg = Release|Any CPU
		{10205034-57CB-4E43-A37C-140E0315F237}.Release|x64.Build.0 = Release|Any CPU
		{10205034-57CB-4E43-A37C-140E0315F237}.Release|x86.ActiveCfg = Release|Any CPU
		{10205034-57CB-4E43-A37C-140E0315F237}.Release|x86.Build.0 = Release|Any CPU
		{5A7E888F-29CE-4EA7-B2E7-45A7AF84EB5E}.Debug|Any CPU.ActiveCfg = Debug|Any CPU
		{5A7E888F-29CE-4EA7-B2E7-45A7AF84EB5E}.Debug|Any CPU.Build.0 = Debug|Any CPU
		{5A7E888F-29CE-4EA7-B2E7-45A7AF84EB5E}.Debug|x64.ActiveCfg = Debug|Any CPU
		{5A7E888F-29CE-4EA7-B2E7-45A7AF84EB5E}.Debug|x64.Build.0 = Debug|Any CPU
		{5A7E888F-29CE-4EA7-B2E7-45A7AF84EB5E}.Debug|x86.ActiveCfg = Debug|Any CPU
		{5A7E888F-29CE-4EA7-B2E7-45A7AF84EB5E}.Debug|x86.Build.0 = Debug|Any CPU
		{5A7E888F-29CE-4EA7-B2E7-45A7AF84EB5E}.Release|Any CPU.ActiveCfg = Release|Any CPU
		{5A7E888F-29CE-4EA7-B2E7-45A7AF84EB5E}.Release|Any CPU.Build.0 = Release|Any CPU
		{5A7E888F-29CE-4EA7-B2E7-45A7AF84EB5E}.Release|x64.ActiveCfg = Release|Any CPU
		{5A7E888F-29CE-4EA7-B2E7-45A7AF84EB5E}.Release|x64.Build.0 = Release|Any CPU
		{5A7E888F-29CE-4EA7-B2E7-45A7AF84EB5E}.Release|x86.ActiveCfg = Release|Any CPU
		{5A7E888F-29CE-4EA7-B2E7-45A7AF84EB5E}.Release|x86.Build.0 = Release|Any CPU
		{6B004F01-C846-4E7D-9052-79C95A6F06A0}.Debug|Any CPU.ActiveCfg = Debug|Any CPU
		{6B004F01-C846-4E7D-9052-79C95A6F06A0}.Debug|Any CPU.Build.0 = Debug|Any CPU
		{6B004F01-C846-4E7D-9052-79C95A6F06A0}.Debug|x64.ActiveCfg = Debug|Any CPU
		{6B004F01-C846-4E7D-9052-79C95A6F06A0}.Debug|x64.Build.0 = Debug|Any CPU
		{6B004F01-C846-4E7D-9052-79C95A6F06A0}.Debug|x86.ActiveCfg = Debug|Any CPU
		{6B004F01-C846-4E7D-9052-79C95A6F06A0}.Debug|x86.Build.0 = Debug|Any CPU
		{6B004F01-C846-4E7D-9052-79C95A6F06A0}.Release|Any CPU.ActiveCfg = Release|Any CPU
		{6B004F01-C846-4E7D-9052-79C95A6F06A0}.Release|Any CPU.Build.0 = Release|Any CPU
		{6B004F01-C846-4E7D-9052-79C95A6F06A0}.Release|x64.ActiveCfg = Release|Any CPU
		{6B004F01-C846-4E7D-9052-79C95A6F06A0}.Release|x64.Build.0 = Release|Any CPU
		{6B004F01-C846-4E7D-9052-79C95A6F06A0}.Release|x86.ActiveCfg = Release|Any CPU
		{6B004F01-C846-4E7D-9052-79C95A6F06A0}.Release|x86.Build.0 = Release|Any CPU
		{886CABF1-05E9-46F5-B3AC-26A3C1FF29BC}.Debug|Any CPU.ActiveCfg = Debug|Any CPU
		{886CABF1-05E9-46F5-B3AC-26A3C1FF29BC}.Debug|Any CPU.Build.0 = Debug|Any CPU
		{886CABF1-05E9-46F5-B3AC-26A3C1FF29BC}.Debug|x64.ActiveCfg = Debug|Any CPU
		{886CABF1-05E9-46F5-B3AC-26A3C1FF29BC}.Debug|x64.Build.0 = Debug|Any CPU
		{886CABF1-05E9-46F5-B3AC-26A3C1FF29BC}.Debug|x86.ActiveCfg = Debug|Any CPU
		{886CABF1-05E9-46F5-B3AC-26A3C1FF29BC}.Debug|x86.Build.0 = Debug|Any CPU
		{886CABF1-05E9-46F5-B3AC-26A3C1FF29BC}.Release|Any CPU.ActiveCfg = Release|Any CPU
		{886CABF1-05E9-46F5-B3AC-26A3C1FF29BC}.Release|Any CPU.Build.0 = Release|Any CPU
		{886CABF1-05E9-46F5-B3AC-26A3C1FF29BC}.Release|x64.ActiveCfg = Release|Any CPU
		{886CABF1-05E9-46F5-B3AC-26A3C1FF29BC}.Release|x64.Build.0 = Release|Any CPU
		{886CABF1-05E9-46F5-B3AC-26A3C1FF29BC}.Release|x86.ActiveCfg = Release|Any CPU
		{886CABF1-05E9-46F5-B3AC-26A3C1FF29BC}.Release|x86.Build.0 = Release|Any CPU
		{C4452EC2-7C21-4EF8-855B-20B5D9258CCF}.Debug|Any CPU.ActiveCfg = Debug|Any CPU
		{C4452EC2-7C21-4EF8-855B-20B5D9258CCF}.Debug|Any CPU.Build.0 = Debug|Any CPU
		{C4452EC2-7C21-4EF8-855B-20B5D9258CCF}.Debug|x64.ActiveCfg = Debug|Any CPU
		{C4452EC2-7C21-4EF8-855B-20B5D9258CCF}.Debug|x64.Build.0 = Debug|Any CPU
		{C4452EC2-7C21-4EF8-855B-20B5D9258CCF}.Debug|x86.ActiveCfg = Debug|Any CPU
		{C4452EC2-7C21-4EF8-855B-20B5D9258CCF}.Debug|x86.Build.0 = Debug|Any CPU
		{C4452EC2-7C21-4EF8-855B-20B5D9258CCF}.Release|Any CPU.ActiveCfg = Release|Any CPU
		{C4452EC2-7C21-4EF8-855B-20B5D9258CCF}.Release|Any CPU.Build.0 = Release|Any CPU
		{C4452EC2-7C21-4EF8-855B-20B5D9258CCF}.Release|x64.ActiveCfg = Release|Any CPU
		{C4452EC2-7C21-4EF8-855B-20B5D9258CCF}.Release|x64.Build.0 = Release|Any CPU
		{C4452EC2-7C21-4EF8-855B-20B5D9258CCF}.Release|x86.ActiveCfg = Release|Any CPU
		{C4452EC2-7C21-4EF8-855B-20B5D9258CCF}.Release|x86.Build.0 = Release|Any CPU
		{0762CE3A-2E16-4B50-9FEB-3AD0F6CE0121}.Debug|Any CPU.ActiveCfg = Debug|Any CPU
		{0762CE3A-2E16-4B50-9FEB-3AD0F6CE0121}.Debug|Any CPU.Build.0 = Debug|Any CPU
		{0762CE3A-2E16-4B50-9FEB-3AD0F6CE0121}.Debug|x64.ActiveCfg = Debug|Any CPU
		{0762CE3A-2E16-4B50-9FEB-3AD0F6CE0121}.Debug|x64.Build.0 = Debug|Any CPU
		{0762CE3A-2E16-4B50-9FEB-3AD0F6CE0121}.Debug|x86.ActiveCfg = Debug|Any CPU
		{0762CE3A-2E16-4B50-9FEB-3AD0F6CE0121}.Debug|x86.Build.0 = Debug|Any CPU
		{0762CE3A-2E16-4B50-9FEB-3AD0F6CE0121}.Release|Any CPU.ActiveCfg = Release|Any CPU
		{0762CE3A-2E16-4B50-9FEB-3AD0F6CE0121}.Release|Any CPU.Build.0 = Release|Any CPU
		{0762CE3A-2E16-4B50-9FEB-3AD0F6CE0121}.Release|x64.ActiveCfg = Release|Any CPU
		{0762CE3A-2E16-4B50-9FEB-3AD0F6CE0121}.Release|x64.Build.0 = Release|Any CPU
		{0762CE3A-2E16-4B50-9FEB-3AD0F6CE0121}.Release|x86.ActiveCfg = Release|Any CPU
		{0762CE3A-2E16-4B50-9FEB-3AD0F6CE0121}.Release|x86.Build.0 = Release|Any CPU
	EndGlobalSection
	GlobalSection(SolutionProperties) = preSolution
		HideSolutionNode = FALSE
	EndGlobalSection
	GlobalSection(NestedProjects) = preSolution
		{69F7763A-9006-4165-947A-A35FC5B18C20} = {93135BDE-0152-4513-A6CD-00256F12F847}
		{2FD5540A-039E-4FCA-AE07-413A6079D0D3} = {8195D85F-83AE-4F7F-B826-F49E316B8C58}
		{0D459C50-823B-44AA-B1A8-38D99FCB76C9} = {8195D85F-83AE-4F7F-B826-F49E316B8C58}
		{10205034-57CB-4E43-A37C-140E0315F237} = {8195D85F-83AE-4F7F-B826-F49E316B8C58}
		{5A7E888F-29CE-4EA7-B2E7-45A7AF84EB5E} = {93135BDE-0152-4513-A6CD-00256F12F847}
		{C4452EC2-7C21-4EF8-855B-20B5D9258CCF} = {93135BDE-0152-4513-A6CD-00256F12F847}
		{0762CE3A-2E16-4B50-9FEB-3AD0F6CE0121} = {8195D85F-83AE-4F7F-B826-F49E316B8C58}
	EndGlobalSection
	GlobalSection(ExtensibilityGlobals) = postSolution
		SolutionGuid = {AF44BA7A-A87F-4702-A0B2-615FDE614B2D}
	EndGlobalSection
EndGlobal
