
Microsoft Visual Studio Solution File, Format Version 12.00
# Visual Studio 15
VisualStudioVersion = 15.0.26124.0
MinimumVisualStudioVersion = 15.0.26124.0
Project("{2150E333-8FDC-42A3-9474-1A3956D46DE8}") = "src", "src", "{1351A07E-0468-4F2E-B6EB-96201F08C3C5}"
EndProject
Project("{2150E333-8FDC-42A3-9474-1A3956D46DE8}") = "Piipan.Metrics", "Piipan.Metrics", "{E625A3C8-4B60-48E9-B9FB-8688F10788DA}"
EndProject
Project("{2150E333-8FDC-42A3-9474-1A3956D46DE8}") = "tests", "tests", "{ACF4FEE9-6D2C-4B20-8233-3270B2E8EFFD}"
EndProject
Project("{FAE04EC0-301F-11D3-BF4B-00C04F79EFBC}") = "Piipan.Metrics.Core", "src\Piipan.Metrics\Piipan.Metrics.Core\Piipan.Metrics.Core.csproj", "{C0A260F4-51C8-4A1E-933C-21DAB0C960FE}"
EndProject
Project("{FAE04EC0-301F-11D3-BF4B-00C04F79EFBC}") = "Piipan.Metrics.Api", "src\Piipan.Metrics\Piipan.Metrics.Api\Piipan.Metrics.Api.csproj", "{907CD7E0-1FE2-407B-8467-B9AC2301198F}"
EndProject
Project("{FAE04EC0-301F-11D3-BF4B-00C04F79EFBC}") = "Piipan.Metrics.Func.Api", "src\Piipan.Metrics\Piipan.Metrics.Func.Api\Piipan.Metrics.Func.Api.csproj", "{5E80392B-1844-412A-9431-02951FE9621A}"
EndProject
Project("{FAE04EC0-301F-11D3-BF4B-00C04F79EFBC}") = "Piipan.Metrics.Func.Collect", "src\Piipan.Metrics\Piipan.Metrics.Func.Collect\Piipan.Metrics.Func.Collect.csproj", "{84757B07-F1D5-4729-ADF9-094EA055B6BE}"
EndProject
Project("{FAE04EC0-301F-11D3-BF4B-00C04F79EFBC}") = "Piipan.Metrics.Core.Tests", "tests\Piipan.Metrics.Core.Tests\Piipan.Metrics.Core.Tests.csproj", "{41F76329-C511-4484-888F-F9C7DB48FDA2}"
EndProject
Project("{FAE04EC0-301F-11D3-BF4B-00C04F79EFBC}") = "Piipan.Metrics.Func.Api.Tests", "tests\Piipan.Metrics.Func.Api.Tests\Piipan.Metrics.Func.Api.Tests.csproj", "{5834A799-42EF-4870-AE96-3EC0CAE1ECB0}"
EndProject
Project("{FAE04EC0-301F-11D3-BF4B-00C04F79EFBC}") = "Piipan.Metrics.Func.Collect.Tests", "tests\Piipan.Metrics.Func.Collect.Tests\Piipan.Metrics.Func.Collect.Tests.csproj", "{7C94DA7D-555C-4E6D-8CA3-6C077D6CC25B}"
EndProject
Project("{FAE04EC0-301F-11D3-BF4B-00C04F79EFBC}") = "Piipan.Metrics.Client", "src\Piipan.Metrics\Piipan.Metrics.Client\Piipan.Metrics.Client.csproj", "{1FA09A3C-2FEC-493D-BA65-811C2F555D7A}"
EndProject
Project("{FAE04EC0-301F-11D3-BF4B-00C04F79EFBC}") = "Piipan.Metrics.Client.Tests", "tests\Piipan.Metrics.Client.Tests\Piipan.Metrics.Client.Tests.csproj", "{60E999F7-BB88-428C-9133-D038E14C8757}"
EndProject
Global
	GlobalSection(SolutionConfigurationPlatforms) = preSolution
		Debug|Any CPU = Debug|Any CPU
		Debug|x64 = Debug|x64
		Debug|x86 = Debug|x86
		Release|Any CPU = Release|Any CPU
		Release|x64 = Release|x64
		Release|x86 = Release|x86
	EndGlobalSection
	GlobalSection(SolutionProperties) = preSolution
		HideSolutionNode = FALSE
	EndGlobalSection
	GlobalSection(ProjectConfigurationPlatforms) = postSolution
		{C0A260F4-51C8-4A1E-933C-21DAB0C960FE}.Debug|Any CPU.ActiveCfg = Debug|Any CPU
		{C0A260F4-51C8-4A1E-933C-21DAB0C960FE}.Debug|Any CPU.Build.0 = Debug|Any CPU
		{C0A260F4-51C8-4A1E-933C-21DAB0C960FE}.Debug|x64.ActiveCfg = Debug|Any CPU
		{C0A260F4-51C8-4A1E-933C-21DAB0C960FE}.Debug|x64.Build.0 = Debug|Any CPU
		{C0A260F4-51C8-4A1E-933C-21DAB0C960FE}.Debug|x86.ActiveCfg = Debug|Any CPU
		{C0A260F4-51C8-4A1E-933C-21DAB0C960FE}.Debug|x86.Build.0 = Debug|Any CPU
		{C0A260F4-51C8-4A1E-933C-21DAB0C960FE}.Release|Any CPU.ActiveCfg = Release|Any CPU
		{C0A260F4-51C8-4A1E-933C-21DAB0C960FE}.Release|Any CPU.Build.0 = Release|Any CPU
		{C0A260F4-51C8-4A1E-933C-21DAB0C960FE}.Release|x64.ActiveCfg = Release|Any CPU
		{C0A260F4-51C8-4A1E-933C-21DAB0C960FE}.Release|x64.Build.0 = Release|Any CPU
		{C0A260F4-51C8-4A1E-933C-21DAB0C960FE}.Release|x86.ActiveCfg = Release|Any CPU
		{C0A260F4-51C8-4A1E-933C-21DAB0C960FE}.Release|x86.Build.0 = Release|Any CPU
		{907CD7E0-1FE2-407B-8467-B9AC2301198F}.Debug|Any CPU.ActiveCfg = Debug|Any CPU
		{907CD7E0-1FE2-407B-8467-B9AC2301198F}.Debug|Any CPU.Build.0 = Debug|Any CPU
		{907CD7E0-1FE2-407B-8467-B9AC2301198F}.Debug|x64.ActiveCfg = Debug|Any CPU
		{907CD7E0-1FE2-407B-8467-B9AC2301198F}.Debug|x64.Build.0 = Debug|Any CPU
		{907CD7E0-1FE2-407B-8467-B9AC2301198F}.Debug|x86.ActiveCfg = Debug|Any CPU
		{907CD7E0-1FE2-407B-8467-B9AC2301198F}.Debug|x86.Build.0 = Debug|Any CPU
		{907CD7E0-1FE2-407B-8467-B9AC2301198F}.Release|Any CPU.ActiveCfg = Release|Any CPU
		{907CD7E0-1FE2-407B-8467-B9AC2301198F}.Release|Any CPU.Build.0 = Release|Any CPU
		{907CD7E0-1FE2-407B-8467-B9AC2301198F}.Release|x64.ActiveCfg = Release|Any CPU
		{907CD7E0-1FE2-407B-8467-B9AC2301198F}.Release|x64.Build.0 = Release|Any CPU
		{907CD7E0-1FE2-407B-8467-B9AC2301198F}.Release|x86.ActiveCfg = Release|Any CPU
		{907CD7E0-1FE2-407B-8467-B9AC2301198F}.Release|x86.Build.0 = Release|Any CPU
		{5E80392B-1844-412A-9431-02951FE9621A}.Debug|Any CPU.ActiveCfg = Debug|Any CPU
		{5E80392B-1844-412A-9431-02951FE9621A}.Debug|Any CPU.Build.0 = Debug|Any CPU
		{5E80392B-1844-412A-9431-02951FE9621A}.Debug|x64.ActiveCfg = Debug|Any CPU
		{5E80392B-1844-412A-9431-02951FE9621A}.Debug|x64.Build.0 = Debug|Any CPU
		{5E80392B-1844-412A-9431-02951FE9621A}.Debug|x86.ActiveCfg = Debug|Any CPU
		{5E80392B-1844-412A-9431-02951FE9621A}.Debug|x86.Build.0 = Debug|Any CPU
		{5E80392B-1844-412A-9431-02951FE9621A}.Release|Any CPU.ActiveCfg = Release|Any CPU
		{5E80392B-1844-412A-9431-02951FE9621A}.Release|Any CPU.Build.0 = Release|Any CPU
		{5E80392B-1844-412A-9431-02951FE9621A}.Release|x64.ActiveCfg = Release|Any CPU
		{5E80392B-1844-412A-9431-02951FE9621A}.Release|x64.Build.0 = Release|Any CPU
		{5E80392B-1844-412A-9431-02951FE9621A}.Release|x86.ActiveCfg = Release|Any CPU
		{5E80392B-1844-412A-9431-02951FE9621A}.Release|x86.Build.0 = Release|Any CPU
		{84757B07-F1D5-4729-ADF9-094EA055B6BE}.Debug|Any CPU.ActiveCfg = Debug|Any CPU
		{84757B07-F1D5-4729-ADF9-094EA055B6BE}.Debug|Any CPU.Build.0 = Debug|Any CPU
		{84757B07-F1D5-4729-ADF9-094EA055B6BE}.Debug|x64.ActiveCfg = Debug|Any CPU
		{84757B07-F1D5-4729-ADF9-094EA055B6BE}.Debug|x64.Build.0 = Debug|Any CPU
		{84757B07-F1D5-4729-ADF9-094EA055B6BE}.Debug|x86.ActiveCfg = Debug|Any CPU
		{84757B07-F1D5-4729-ADF9-094EA055B6BE}.Debug|x86.Build.0 = Debug|Any CPU
		{84757B07-F1D5-4729-ADF9-094EA055B6BE}.Release|Any CPU.ActiveCfg = Release|Any CPU
		{84757B07-F1D5-4729-ADF9-094EA055B6BE}.Release|Any CPU.Build.0 = Release|Any CPU
		{84757B07-F1D5-4729-ADF9-094EA055B6BE}.Release|x64.ActiveCfg = Release|Any CPU
		{84757B07-F1D5-4729-ADF9-094EA055B6BE}.Release|x64.Build.0 = Release|Any CPU
		{84757B07-F1D5-4729-ADF9-094EA055B6BE}.Release|x86.ActiveCfg = Release|Any CPU
		{84757B07-F1D5-4729-ADF9-094EA055B6BE}.Release|x86.Build.0 = Release|Any CPU
		{41F76329-C511-4484-888F-F9C7DB48FDA2}.Debug|Any CPU.ActiveCfg = Debug|Any CPU
		{41F76329-C511-4484-888F-F9C7DB48FDA2}.Debug|Any CPU.Build.0 = Debug|Any CPU
		{41F76329-C511-4484-888F-F9C7DB48FDA2}.Debug|x64.ActiveCfg = Debug|Any CPU
		{41F76329-C511-4484-888F-F9C7DB48FDA2}.Debug|x64.Build.0 = Debug|Any CPU
		{41F76329-C511-4484-888F-F9C7DB48FDA2}.Debug|x86.ActiveCfg = Debug|Any CPU
		{41F76329-C511-4484-888F-F9C7DB48FDA2}.Debug|x86.Build.0 = Debug|Any CPU
		{41F76329-C511-4484-888F-F9C7DB48FDA2}.Release|Any CPU.ActiveCfg = Release|Any CPU
		{41F76329-C511-4484-888F-F9C7DB48FDA2}.Release|Any CPU.Build.0 = Release|Any CPU
		{41F76329-C511-4484-888F-F9C7DB48FDA2}.Release|x64.ActiveCfg = Release|Any CPU
		{41F76329-C511-4484-888F-F9C7DB48FDA2}.Release|x64.Build.0 = Release|Any CPU
		{41F76329-C511-4484-888F-F9C7DB48FDA2}.Release|x86.ActiveCfg = Release|Any CPU
		{41F76329-C511-4484-888F-F9C7DB48FDA2}.Release|x86.Build.0 = Release|Any CPU
		{5834A799-42EF-4870-AE96-3EC0CAE1ECB0}.Debug|Any CPU.ActiveCfg = Debug|Any CPU
		{5834A799-42EF-4870-AE96-3EC0CAE1ECB0}.Debug|Any CPU.Build.0 = Debug|Any CPU
		{5834A799-42EF-4870-AE96-3EC0CAE1ECB0}.Debug|x64.ActiveCfg = Debug|Any CPU
		{5834A799-42EF-4870-AE96-3EC0CAE1ECB0}.Debug|x64.Build.0 = Debug|Any CPU
		{5834A799-42EF-4870-AE96-3EC0CAE1ECB0}.Debug|x86.ActiveCfg = Debug|Any CPU
		{5834A799-42EF-4870-AE96-3EC0CAE1ECB0}.Debug|x86.Build.0 = Debug|Any CPU
		{5834A799-42EF-4870-AE96-3EC0CAE1ECB0}.Release|Any CPU.ActiveCfg = Release|Any CPU
		{5834A799-42EF-4870-AE96-3EC0CAE1ECB0}.Release|Any CPU.Build.0 = Release|Any CPU
		{5834A799-42EF-4870-AE96-3EC0CAE1ECB0}.Release|x64.ActiveCfg = Release|Any CPU
		{5834A799-42EF-4870-AE96-3EC0CAE1ECB0}.Release|x64.Build.0 = Release|Any CPU
		{5834A799-42EF-4870-AE96-3EC0CAE1ECB0}.Release|x86.ActiveCfg = Release|Any CPU
		{5834A799-42EF-4870-AE96-3EC0CAE1ECB0}.Release|x86.Build.0 = Release|Any CPU
		{7C94DA7D-555C-4E6D-8CA3-6C077D6CC25B}.Debug|Any CPU.ActiveCfg = Debug|Any CPU
		{7C94DA7D-555C-4E6D-8CA3-6C077D6CC25B}.Debug|Any CPU.Build.0 = Debug|Any CPU
		{7C94DA7D-555C-4E6D-8CA3-6C077D6CC25B}.Debug|x64.ActiveCfg = Debug|Any CPU
		{7C94DA7D-555C-4E6D-8CA3-6C077D6CC25B}.Debug|x64.Build.0 = Debug|Any CPU
		{7C94DA7D-555C-4E6D-8CA3-6C077D6CC25B}.Debug|x86.ActiveCfg = Debug|Any CPU
		{7C94DA7D-555C-4E6D-8CA3-6C077D6CC25B}.Debug|x86.Build.0 = Debug|Any CPU
		{7C94DA7D-555C-4E6D-8CA3-6C077D6CC25B}.Release|Any CPU.ActiveCfg = Release|Any CPU
		{7C94DA7D-555C-4E6D-8CA3-6C077D6CC25B}.Release|Any CPU.Build.0 = Release|Any CPU
		{7C94DA7D-555C-4E6D-8CA3-6C077D6CC25B}.Release|x64.ActiveCfg = Release|Any CPU
		{7C94DA7D-555C-4E6D-8CA3-6C077D6CC25B}.Release|x64.Build.0 = Release|Any CPU
		{7C94DA7D-555C-4E6D-8CA3-6C077D6CC25B}.Release|x86.ActiveCfg = Release|Any CPU
		{7C94DA7D-555C-4E6D-8CA3-6C077D6CC25B}.Release|x86.Build.0 = Release|Any CPU
		{1FA09A3C-2FEC-493D-BA65-811C2F555D7A}.Debug|Any CPU.ActiveCfg = Debug|Any CPU
		{1FA09A3C-2FEC-493D-BA65-811C2F555D7A}.Debug|Any CPU.Build.0 = Debug|Any CPU
		{1FA09A3C-2FEC-493D-BA65-811C2F555D7A}.Debug|x64.ActiveCfg = Debug|Any CPU
		{1FA09A3C-2FEC-493D-BA65-811C2F555D7A}.Debug|x64.Build.0 = Debug|Any CPU
		{1FA09A3C-2FEC-493D-BA65-811C2F555D7A}.Debug|x86.ActiveCfg = Debug|Any CPU
		{1FA09A3C-2FEC-493D-BA65-811C2F555D7A}.Debug|x86.Build.0 = Debug|Any CPU
		{1FA09A3C-2FEC-493D-BA65-811C2F555D7A}.Release|Any CPU.ActiveCfg = Release|Any CPU
		{1FA09A3C-2FEC-493D-BA65-811C2F555D7A}.Release|Any CPU.Build.0 = Release|Any CPU
		{1FA09A3C-2FEC-493D-BA65-811C2F555D7A}.Release|x64.ActiveCfg = Release|Any CPU
		{1FA09A3C-2FEC-493D-BA65-811C2F555D7A}.Release|x64.Build.0 = Release|Any CPU
		{1FA09A3C-2FEC-493D-BA65-811C2F555D7A}.Release|x86.ActiveCfg = Release|Any CPU
		{1FA09A3C-2FEC-493D-BA65-811C2F555D7A}.Release|x86.Build.0 = Release|Any CPU
		{60E999F7-BB88-428C-9133-D038E14C8757}.Debug|Any CPU.ActiveCfg = Debug|Any CPU
		{60E999F7-BB88-428C-9133-D038E14C8757}.Debug|Any CPU.Build.0 = Debug|Any CPU
		{60E999F7-BB88-428C-9133-D038E14C8757}.Debug|x64.ActiveCfg = Debug|Any CPU
		{60E999F7-BB88-428C-9133-D038E14C8757}.Debug|x64.Build.0 = Debug|Any CPU
		{60E999F7-BB88-428C-9133-D038E14C8757}.Debug|x86.ActiveCfg = Debug|Any CPU
		{60E999F7-BB88-428C-9133-D038E14C8757}.Debug|x86.Build.0 = Debug|Any CPU
		{60E999F7-BB88-428C-9133-D038E14C8757}.Release|Any CPU.ActiveCfg = Release|Any CPU
		{60E999F7-BB88-428C-9133-D038E14C8757}.Release|Any CPU.Build.0 = Release|Any CPU
		{60E999F7-BB88-428C-9133-D038E14C8757}.Release|x64.ActiveCfg = Release|Any CPU
		{60E999F7-BB88-428C-9133-D038E14C8757}.Release|x64.Build.0 = Release|Any CPU
		{60E999F7-BB88-428C-9133-D038E14C8757}.Release|x86.ActiveCfg = Release|Any CPU
		{60E999F7-BB88-428C-9133-D038E14C8757}.Release|x86.Build.0 = Release|Any CPU
	EndGlobalSection
	GlobalSection(NestedProjects) = preSolution
		{E625A3C8-4B60-48E9-B9FB-8688F10788DA} = {1351A07E-0468-4F2E-B6EB-96201F08C3C5}
		{C0A260F4-51C8-4A1E-933C-21DAB0C960FE} = {E625A3C8-4B60-48E9-B9FB-8688F10788DA}
		{907CD7E0-1FE2-407B-8467-B9AC2301198F} = {E625A3C8-4B60-48E9-B9FB-8688F10788DA}
		{5E80392B-1844-412A-9431-02951FE9621A} = {E625A3C8-4B60-48E9-B9FB-8688F10788DA}
		{84757B07-F1D5-4729-ADF9-094EA055B6BE} = {E625A3C8-4B60-48E9-B9FB-8688F10788DA}
		{41F76329-C511-4484-888F-F9C7DB48FDA2} = {ACF4FEE9-6D2C-4B20-8233-3270B2E8EFFD}
		{5834A799-42EF-4870-AE96-3EC0CAE1ECB0} = {ACF4FEE9-6D2C-4B20-8233-3270B2E8EFFD}
		{7C94DA7D-555C-4E6D-8CA3-6C077D6CC25B} = {ACF4FEE9-6D2C-4B20-8233-3270B2E8EFFD}
		{1FA09A3C-2FEC-493D-BA65-811C2F555D7A} = {E625A3C8-4B60-48E9-B9FB-8688F10788DA}
		{60E999F7-BB88-428C-9133-D038E14C8757} = {ACF4FEE9-6D2C-4B20-8233-3270B2E8EFFD}
	EndGlobalSection
EndGlobal
